
Microsoft Visual Studio Solution File, Format Version 12.00
# Visual Studio Version 17
VisualStudioVersion = 17.14.36203.30
MinimumVisualStudioVersion = 10.0.40219.1
Project("{FAE04EC0-301F-11D3-BF4B-00C04F79EFBC}") = "ProductCatalog.API", "src\ProductCatalog.API\ProductCatalog.API.csproj", "{D81FEBB2-DCD2-7BE3-E469-F3E192448D28}"
EndProject
Project("{FAE04EC0-301F-11D3-BF4B-00C04F79EFBC}") = "ProductCatalog.API.AppHost", "src\ProductCatalog.API.AppHost\ProductCatalog.API.AppHost.csproj", "{3D0055D4-F68E-4F7D-B880-DF8F1F53E2CC}"
EndProject
Project("{FAE04EC0-301F-11D3-BF4B-00C04F79EFBC}") = "ProductCatalog.API.ServiceDefaults", "src\ProductCatalog.API.ServiceDefaults\ProductCatalog.API.ServiceDefaults.csproj", "{C5921DD1-2456-DC7F-8F5C-4785561CADE7}"
EndProject
Global
	GlobalSection(SolutionConfigurationPlatforms) = preSolution
		Debug|Any CPU = Debug|Any CPU
		Release|Any CPU = Release|Any CPU
	EndGlobalSection
	GlobalSection(ProjectConfigurationPlatforms) = postSolution
		{D81FEBB2-DCD2-7BE3-E469-F3E192448D28}.Debug|Any CPU.ActiveCfg = Debug|Any CPU
		{D81FEBB2-DCD2-7BE3-E469-F3E192448D28}.Debug|Any CPU.Build.0 = Debug|Any CPU
		{D81FEBB2-DCD2-7BE3-E469-F3E192448D28}.Release|Any CPU.ActiveCfg = Release|Any CPU
		{D81FEBB2-DCD2-7BE3-E469-F3E192448D28}.Release|Any CPU.Build.0 = Release|Any CPU
		{3D0055D4-F68E-4F7D-B880-DF8F1F53E2CC}.Debug|Any CPU.ActiveCfg = Debug|Any CPU
		{3D0055D4-F68E-4F7D-B880-DF8F1F53E2CC}.Debug|Any CPU.Build.0 = Debug|Any CPU
		{3D0055D4-F68E-4F7D-B880-DF8F1F53E2CC}.Release|Any CPU.ActiveCfg = Release|Any CPU
		{3D0055D4-F68E-4F7D-B880-DF8F1F53E2CC}.Release|Any CPU.Build.0 = Release|Any CPU
		{C5921DD1-2456-DC7F-8F5C-4785561CADE7}.Debug|Any CPU.ActiveCfg = Debug|Any CPU
		{C5921DD1-2456-DC7F-8F5C-4785561CADE7}.Debug|Any CPU.Build.0 = Debug|Any CPU
		{C5921DD1-2456-DC7F-8F5C-4785561CADE7}.Release|Any CPU.ActiveCfg = Release|Any CPU
		{C5921DD1-2456-DC7F-8F5C-4785561CADE7}.Release|Any CPU.Build.0 = Release|Any CPU
	EndGlobalSection
	GlobalSection(SolutionProperties) = preSolution
		HideSolutionNode = FALSE
	EndGlobalSection
	GlobalSection(ExtensibilityGlobals) = postSolution
		SolutionGuid = {7FD344B7-4205-439D-828A-42502B34106A}
	EndGlobalSection
EndGlobal
