
Microsoft Visual Studio Solution File, Format Version 12.00
# Visual Studio Version 17
VisualStudioVersion = 17.14.36203.30
MinimumVisualStudioVersion = 10.0.40219.1
Project("{2150E333-8FDC-42A3-9474-1A3956D46DE8}") = "src", "src", "{02EA681E-C7D8-13C7-8484-4AC65E1B71E8}"
EndProject
Project("{FAE04EC0-301F-11D3-BF4B-00C04F79EFBC}") = "ProductCatalog.API", "src\ProductCatalog.API\ProductCatalog.API.csproj", "{D81FEBB2-DCD2-7BE3-E469-F3E192448D28}"
EndProject
Project("{FAE04EC0-301F-11D3-BF4B-00C04F79EFBC}") = "ProductCatalog.API.AppHost", "src\ProductCatalog.API.AppHost\ProductCatalog.API.AppHost.csproj", "{37A51488-01FE-10C7-6D87-09E31EE9CC38}"
EndProject
Project("{FAE04EC0-301F-11D3-BF4B-00C04F79EFBC}") = "ProductCatalog.API.ServiceDefaults", "src\ProductCatalog.API.ServiceDefaults\ProductCatalog.API.ServiceDefaults.csproj", "{C5921DD1-2456-DC7F-8F5C-4785561CADE7}"
EndProject
Global
	GlobalSection(SolutionConfigurationPlatforms) = preSolution
		Debug|Any CPU = Debug|Any CPU
		Release|Any CPU = Release|Any CPU
	EndGlobalSection
	GlobalSection(ProjectConfigurationPlatforms) = postSolution
		{D81FEBB2-DCD2-7BE3-E469-F3E192448D28}.Debug|Any CPU.ActiveCfg = Debug|Any CPU
		{D81FEBB2-DCD2-7BE3-E469-F3E192448D28}.Debug|Any CPU.Build.0 = Debug|Any CPU
		{D81FEBB2-DCD2-7BE3-E469-F3E192448D28}.Release|Any CPU.ActiveCfg = Release|Any CPU
		{D81FEBB2-DCD2-7BE3-E469-F3E192448D28}.Release|Any CPU.Build.0 = Release|Any CPU
		{37A51488-01FE-10C7-6D87-09E31EE9CC38}.Debug|Any CPU.ActiveCfg = Debug|Any CPU
		{37A51488-01FE-10C7-6D87-09E31EE9CC38}.Debug|Any CPU.Build.0 = Debug|Any CPU
		{37A51488-01FE-10C7-6D87-09E31EE9CC38}.Release|Any CPU.ActiveCfg = Release|Any CPU
		{37A51488-01FE-10C7-6D87-09E31EE9CC38}.Release|Any CPU.Build.0 = Release|Any CPU
		{C5921DD1-2456-DC7F-8F5C-4785561CADE7}.Debug|Any CPU.ActiveCfg = Debug|Any CPU
		{C5921DD1-2456-DC7F-8F5C-4785561CADE7}.Debug|Any CPU.Build.0 = Debug|Any CPU
		{C5921DD1-2456-DC7F-8F5C-4785561CADE7}.Release|Any CPU.ActiveCfg = Release|Any CPU
		{C5921DD1-2456-DC7F-8F5C-4785561CADE7}.Release|Any CPU.Build.0 = Release|Any CPU
	EndGlobalSection
	GlobalSection(SolutionProperties) = preSolution
		HideSolutionNode = FALSE
	EndGlobalSection
	GlobalSection(NestedProjects) = preSolution
		{D81FEBB2-DCD2-7BE3-E469-F3E192448D28} = {02EA681E-C7D8-13C7-8484-4AC65E1B71E8}
		{37A51488-01FE-10C7-6D87-09E31EE9CC38} = {02EA681E-C7D8-13C7-8484-4AC65E1B71E8}
		{C5921DD1-2456-DC7F-8F5C-4785561CADE7} = {02EA681E-C7D8-13C7-8484-4AC65E1B71E8}
	EndGlobalSection
	GlobalSection(ExtensibilityGlobals) = postSolution
		SolutionGuid = {7FD344B7-4205-439D-828A-42502B34106A}
	EndGlobalSection
EndGlobal
